// !$*UTF8*$!
{
	archiveVersion = 1;
	classes = {
	};
	objectVersion = 56;
	objects = {

/* Begin PBXBuildFile section */
		F73066672B0103E000C0CC05 /* AppDelegate.swift in Sources */ = {isa = PBXBuildFile; fileRef = F73066662B0103E000C0CC05 /* AppDelegate.swift */; };
		F73066692B0103E000C0CC05 /* SceneDelegate.swift in Sources */ = {isa = PBXBuildFile; fileRef = F73066682B0103E000C0CC05 /* SceneDelegate.swift */; };
		F730666B2B0103E000C0CC05 /* ViewController.swift in Sources */ = {isa = PBXBuildFile; fileRef = F730666A2B0103E000C0CC05 /* ViewController.swift */; };
		F730666E2B0103E000C0CC05 /* Main.storyboard in Resources */ = {isa = PBXBuildFile; fileRef = F730666C2B0103E000C0CC05 /* Main.storyboard */; };
		F73066702B0103E200C0CC05 /* Assets.xcassets in Resources */ = {isa = PBXBuildFile; fileRef = F730666F2B0103E200C0CC05 /* Assets.xcassets */; };
		F73066732B0103E200C0CC05 /* LaunchScreen.storyboard in Resources */ = {isa = PBXBuildFile; fileRef = F73066712B0103E200C0CC05 /* LaunchScreen.storyboard */; };
		F730667B2B010D1D00C0CC05 /* FirstView.xib in Resources */ = {isa = PBXBuildFile; fileRef = F730667A2B010D1D00C0CC05 /* FirstView.xib */; };
		F730667D2B010D6300C0CC05 /* FirstView.swift in Sources */ = {isa = PBXBuildFile; fileRef = F730667C2B010D6300C0CC05 /* FirstView.swift */; };
		F730667F2B06D92E00C0CC05 /* SecondView.swift in Sources */ = {isa = PBXBuildFile; fileRef = F730667E2B06D92E00C0CC05 /* SecondView.swift */; };
		F73066812B06DD2400C0CC05 /* ThirdView.swift in Sources */ = {isa = PBXBuildFile; fileRef = F73066802B06DD2400C0CC05 /* ThirdView.swift */; };
		F73066832B06DD8400C0CC05 /* ThirdView.xib in Resources */ = {isa = PBXBuildFile; fileRef = F73066822B06DD8400C0CC05 /* ThirdView.xib */; };
/* End PBXBuildFile section */

/* Begin PBXFileReference section */
		F73066632B0103E000C0CC05 /* HomeworkLesson9xib.app */ = {isa = PBXFileReference; explicitFileType = wrapper.application; includeInIndex = 0; path = HomeworkLesson9xib.app; sourceTree = BUILT_PRODUCTS_DIR; };
		F73066662B0103E000C0CC05 /* AppDelegate.swift */ = {isa = PBXFileReference; lastKnownFileType = sourcecode.swift; path = AppDelegate.swift; sourceTree = "<group>"; };
		F73066682B0103E000C0CC05 /* SceneDelegate.swift */ = {isa = PBXFileReference; lastKnownFileType = sourcecode.swift; path = SceneDelegate.swift; sourceTree = "<group>"; };
		F730666A2B0103E000C0CC05 /* ViewController.swift */ = {isa = PBXFileReference; lastKnownFileType = sourcecode.swift; path = ViewController.swift; sourceTree = "<group>"; };
		F730666D2B0103E000C0CC05 /* Base */ = {isa = PBXFileReference; lastKnownFileType = file.storyboard; name = Base; path = Base.lproj/Main.storyboard; sourceTree = "<group>"; };
		F730666F2B0103E200C0CC05 /* Assets.xcassets */ = {isa = PBXFileReference; lastKnownFileType = folder.assetcatalog; path = Assets.xcassets; sourceTree = "<group>"; };
		F73066722B0103E200C0CC05 /* Base */ = {isa = PBXFileReference; lastKnownFileType = file.storyboard; name = Base; path = Base.lproj/LaunchScreen.storyboard; sourceTree = "<group>"; };
		F73066742B0103E200C0CC05 /* Info.plist */ = {isa = PBXFileReference; lastKnownFileType = text.plist.xml; path = Info.plist; sourceTree = "<group>"; };
		F730667A2B010D1D00C0CC05 /* FirstView.xib */ = {isa = PBXFileReference; lastKnownFileType = file.xib; path = FirstView.xib; sourceTree = "<group>"; };
		F730667C2B010D6300C0CC05 /* FirstView.swift */ = {isa = PBXFileReference; lastKnownFileType = sourcecode.swift; path = FirstView.swift; sourceTree = "<group>"; };
		F730667E2B06D92E00C0CC05 /* SecondView.swift */ = {isa = PBXFileReference; lastKnownFileType = sourcecode.swift; path = SecondView.swift; sourceTree = "<group>"; };
		F73066802B06DD2400C0CC05 /* ThirdView.swift */ = {isa = PBXFileReference; lastKnownFileType = sourcecode.swift; path = ThirdView.swift; sourceTree = "<group>"; };
		F73066822B06DD8400C0CC05 /* ThirdView.xib */ = {isa = PBXFileReference; lastKnownFileType = file.xib; path = ThirdView.xib; sourceTree = "<group>"; };
/* End PBXFileReference section */

/* Begin PBXFrameworksBuildPhase section */
		F73066602B0103E000C0CC05 /* Frameworks */ = {
			isa = PBXFrameworksBuildPhase;
			buildActionMask = 2147483647;
			files = (
			);
			runOnlyForDeploymentPostprocessing = 0;
		};
/* End PBXFrameworksBuildPhase section */

/* Begin PBXGroup section */
		F730665A2B0103E000C0CC05 = {
			isa = PBXGroup;
			children = (
				F73066652B0103E000C0CC05 /* HomeworkLesson9xib */,
				F73066642B0103E000C0CC05 /* Products */,
			);
			sourceTree = "<group>";
		};
		F73066642B0103E000C0CC05 /* Products */ = {
			isa = PBXGroup;
			children = (
				F73066632B0103E000C0CC05 /* HomeworkLesson9xib.app */,
			);
			name = Products;
			sourceTree = "<group>";
		};
		F73066652B0103E000C0CC05 /* HomeworkLesson9xib */ = {
			isa = PBXGroup;
			children = (
				F73066662B0103E000C0CC05 /* AppDelegate.swift */,
				F73066682B0103E000C0CC05 /* SceneDelegate.swift */,
				F730666A2B0103E000C0CC05 /* ViewController.swift */,
				F730667C2B010D6300C0CC05 /* FirstView.swift */,
				F730667E2B06D92E00C0CC05 /* SecondView.swift */,
				F73066802B06DD2400C0CC05 /* ThirdView.swift */,
				F730666C2B0103E000C0CC05 /* Main.storyboard */,
				F730667A2B010D1D00C0CC05 /* FirstView.xib */,
				F73066822B06DD8400C0CC05 /* ThirdView.xib */,
				F730666F2B0103E200C0CC05 /* Assets.xcassets */,
				F73066712B0103E200C0CC05 /* LaunchScreen.storyboard */,
				F73066742B0103E200C0CC05 /* Info.plist */,
			);
			path = HomeworkLesson9xib;
			sourceTree = "<group>";
		};
/* End PBXGroup section */

/* Begin PBXNativeTarget section */
		F73066622B0103E000C0CC05 /* HomeworkLesson9xib */ = {
			isa = PBXNativeTarget;
			buildConfigurationList = F73066772B0103E200C0CC05 /* Build configuration list for PBXNativeTarget "HomeworkLesson9xib" */;
			buildPhases = (
				F730665F2B0103E000C0CC05 /* Sources */,
				F73066602B0103E000C0CC05 /* Frameworks */,
				F73066612B0103E000C0CC05 /* Resources */,
			);
			buildRules = (
			);
			dependencies = (
			);
			name = HomeworkLesson9xib;
			productName = HomeworkLesson9xib;
			productReference = F73066632B0103E000C0CC05 /* HomeworkLesson9xib.app */;
			productType = "com.apple.product-type.application";
		};
/* End PBXNativeTarget section */

/* Begin PBXProject section */
		F730665B2B0103E000C0CC05 /* Project object */ = {
			isa = PBXProject;
			attributes = {
				BuildIndependentTargetsInParallel = 1;
				LastSwiftUpdateCheck = 1500;
				LastUpgradeCheck = 1500;
				TargetAttributes = {
					F73066622B0103E000C0CC05 = {
						CreatedOnToolsVersion = 15.0;
					};
				};
			};
			buildConfigurationList = F730665E2B0103E000C0CC05 /* Build configuration list for PBXProject "HomeworkLesson9xib" */;
			compatibilityVersion = "Xcode 14.0";
			developmentRegion = en;
			hasScannedForEncodings = 0;
			knownRegions = (
				en,
				Base,
			);
			mainGroup = F730665A2B0103E000C0CC05;
			productRefGroup = F73066642B0103E000C0CC05 /* Products */;
			projectDirPath = "";
			projectRoot = "";
			targets = (
				F73066622B0103E000C0CC05 /* HomeworkLesson9xib */,
			);
		};
/* End PBXProject section */

/* Begin PBXResourcesBuildPhase section */
		F73066612B0103E000C0CC05 /* Resources */ = {
			isa = PBXResourcesBuildPhase;
			buildActionMask = 2147483647;
			files = (
				F73066732B0103E200C0CC05 /* LaunchScreen.storyboard in Resources */,
				F730667B2B010D1D00C0CC05 /* FirstView.xib in Resources */,
				F73066702B0103E200C0CC05 /* Assets.xcassets in Resources */,
				F73066832B06DD8400C0CC05 /* ThirdView.xib in Resources */,
				F730666E2B0103E000C0CC05 /* Main.storyboard in Resources */,
			);
			runOnlyForDeploymentPostprocessing = 0;
		};
/* End PBXResourcesBuildPhase section */

/* Begin PBXSourcesBuildPhase section */
		F730665F2B0103E000C0CC05 /* Sources */ = {
			isa = PBXSourcesBuildPhase;
			buildActionMask = 2147483647;
			files = (
				F730666B2B0103E000C0CC05 /* ViewController.swift in Sources */,
				F730667F2B06D92E00C0CC05 /* SecondView.swift in Sources */,
				F730667D2B010D6300C0CC05 /* FirstView.swift in Sources */,
				F73066672B0103E000C0CC05 /* AppDelegate.swift in Sources */,
				F73066812B06DD2400C0CC05 /* ThirdView.swift in Sources */,
				F73066692B0103E000C0CC05 /* SceneDelegate.swift in Sources */,
			);
			runOnlyForDeploymentPostprocessing = 0;
		};
/* End PBXSourcesBuildPhase section */

/* Begin PBXVariantGroup section */
		F730666C2B0103E000C0CC05 /* Main.storyboard */ = {
			isa = PBXVariantGroup;
			children = (
				F730666D2B0103E000C0CC05 /* Base */,
			);
			name = Main.storyboard;
			sourceTree = "<group>";
		};
		F73066712B0103E200C0CC05 /* LaunchScreen.storyboard */ = {
			isa = PBXVariantGroup;
			children = (
				F73066722B0103E200C0CC05 /* Base */,
			);
			name = LaunchScreen.storyboard;
			sourceTree = "<group>";
		};
/* End PBXVariantGroup section */

/* Begin XCBuildConfiguration section */
		F73066752B0103E200C0CC05 /* Debug */ = {
			isa = XCBuildConfiguration;
			buildSettings = {
				ALWAYS_SEARCH_USER_PATHS = NO;
				ASSETCATALOG_COMPILER_GENERATE_SWIFT_ASSET_SYMBOL_EXTENSIONS = YES;
				CLANG_ANALYZER_NONNULL = YES;
				CLANG_ANALYZER_NUMBER_OBJECT_CONVERSION = YES_AGGRESSIVE;
				CLANG_CXX_LANGUAGE_STANDARD = "gnu++20";
				CLANG_ENABLE_MODULES = YES;
				CLANG_ENABLE_OBJC_ARC = YES;
				CLANG_ENABLE_OBJC_WEAK = YES;
				CLANG_WARN_BLOCK_CAPTURE_AUTORELEASING = YES;
				CLANG_WARN_BOOL_CONVERSION = YES;
				CLANG_WARN_COMMA = YES;
				CLANG_WARN_CONSTANT_CONVERSION = YES;
				CLANG_WARN_DEPRECATED_OBJC_IMPLEMENTATIONS = YES;
				CLANG_WARN_DIRECT_OBJC_ISA_USAGE = YES_ERROR;
				CLANG_WARN_DOCUMENTATION_COMMENTS = YES;
				CLANG_WARN_EMPTY_BODY = YES;
				CLANG_WARN_ENUM_CONVERSION = YES;
				CLANG_WARN_INFINITE_RECURSION = YES;
				CLANG_WARN_INT_CONVERSION = YES;
				CLANG_WARN_NON_LITERAL_NULL_CONVERSION = YES;
				CLANG_WARN_OBJC_IMPLICIT_RETAIN_SELF = YES;
				CLANG_WARN_OBJC_LITERAL_CONVERSION = YES;
				CLANG_WARN_OBJC_ROOT_CLASS = YES_ERROR;
				CLANG_WARN_QUOTED_INCLUDE_IN_FRAMEWORK_HEADER = YES;
				CLANG_WARN_RANGE_LOOP_ANALYSIS = YES;
				CLANG_WARN_STRICT_PROTOTYPES = YES;
				CLANG_WARN_SUSPICIOUS_MOVE = YES;
				CLANG_WARN_UNGUARDED_AVAILABILITY = YES_AGGRESSIVE;
				CLANG_WARN_UNREACHABLE_CODE = YES;
				CLANG_WARN__DUPLICATE_METHOD_MATCH = YES;
				COPY_PHASE_STRIP = NO;
				DEBUG_INFORMATION_FORMAT = dwarf;
				ENABLE_STRICT_OBJC_MSGSEND = YES;
				ENABLE_TESTABILITY = YES;
				ENABLE_USER_SCRIPT_SANDBOXING = YES;
				GCC_C_LANGUAGE_STANDARD = gnu17;
				GCC_DYNAMIC_NO_PIC = NO;
				GCC_NO_COMMON_BLOCKS = YES;
				GCC_OPTIMIZATION_LEVEL = 0;
				GCC_PREPROCESSOR_DEFINITIONS = (
					"DEBUG=1",
					"$(inherited)",
				);
				GCC_WARN_64_TO_32_BIT_CONVERSION = YES;
				GCC_WARN_ABOUT_RETURN_TYPE = YES_ERROR;
				GCC_WARN_UNDECLARED_SELECTOR = YES;
				GCC_WARN_UNINITIALIZED_AUTOS = YES_AGGRESSIVE;
				GCC_WARN_UNUSED_FUNCTION = YES;
				GCC_WARN_UNUSED_VARIABLE = YES;
				IPHONEOS_DEPLOYMENT_TARGET = 17.0;
				LOCALIZATION_PREFERS_STRING_CATALOGS = YES;
				MTL_ENABLE_DEBUG_INFO = INCLUDE_SOURCE;
				MTL_FAST_MATH = YES;
				ONLY_ACTIVE_ARCH = YES;
				SDKROOT = iphoneos;
				SWIFT_ACTIVE_COMPILATION_CONDITIONS = "DEBUG $(inherited)";
				SWIFT_OPTIMIZATION_LEVEL = "-Onone";
			};
			name = Debug;
		};
		F73066762B0103E200C0CC05 /* Release */ = {
			isa = XCBuildConfiguration;
			buildSettings = {
				ALWAYS_SEARCH_USER_PATHS = NO;
				ASSETCATALOG_COMPILER_GENERATE_SWIFT_ASSET_SYMBOL_EXTENSIONS = YES;
				CLANG_ANALYZER_NONNULL = YES;
				CLANG_ANALYZER_NUMBER_OBJECT_CONVERSION = YES_AGGRESSIVE;
				CLANG_CXX_LANGUAGE_STANDARD = "gnu++20";
				CLANG_ENABLE_MODULES = YES;
				CLANG_ENABLE_OBJC_ARC = YES;
				CLANG_ENABLE_OBJC_WEAK = YES;
				CLANG_WARN_BLOCK_CAPTURE_AUTORELEASING = YES;
				CLANG_WARN_BOOL_CONVERSION = YES;
				CLANG_WARN_COMMA = YES;
				CLANG_WARN_CONSTANT_CONVERSION = YES;
				CLANG_WARN_DEPRECATED_OBJC_IMPLEMENTATIONS = YES;
				CLANG_WARN_DIRECT_OBJC_ISA_USAGE = YES_ERROR;
				CLANG_WARN_DOCUMENTATION_COMMENTS = YES;
				CLANG_WARN_EMPTY_BODY = YES;
				CLANG_WARN_ENUM_CONVERSION = YES;
				CLANG_WARN_INFINITE_RECURSION = YES;
				CLANG_WARN_INT_CONVERSION = YES;
				CLANG_WARN_NON_LITERAL_NULL_CONVERSION = YES;
				CLANG_WARN_OBJC_IMPLICIT_RETAIN_SELF = YES;
				CLANG_WARN_OBJC_LITERAL_CONVERSION = YES;
				CLANG_WARN_OBJC_ROOT_CLASS = YES_ERROR;
				CLANG_WARN_QUOTED_INCLUDE_IN_FRAMEWORK_HEADER = YES;
				CLANG_WARN_RANGE_LOOP_ANALYSIS = YES;
				CLANG_WARN_STRICT_PROTOTYPES = YES;
				CLANG_WARN_SUSPICIOUS_MOVE = YES;
				CLANG_WARN_UNGUARDED_AVAILABILITY = YES_AGGRESSIVE;
				CLANG_WARN_UNREACHABLE_CODE = YES;
				CLANG_WARN__DUPLICATE_METHOD_MATCH = YES;
				COPY_PHASE_STRIP = NO;
				DEBUG_INFORMATION_FORMAT = "dwarf-with-dsym";
				ENABLE_NS_ASSERTIONS = NO;
				ENABLE_STRICT_OBJC_MSGSEND = YES;
				ENABLE_USER_SCRIPT_SANDBOXING = YES;
				GCC_C_LANGUAGE_STANDARD = gnu17;
				GCC_NO_COMMON_BLOCKS = YES;
				GCC_WARN_64_TO_32_BIT_CONVERSION = YES;
				GCC_WARN_ABOUT_RETURN_TYPE = YES_ERROR;
				GCC_WARN_UNDECLARED_SELECTOR = YES;
				GCC_WARN_UNINITIALIZED_AUTOS = YES_AGGRESSIVE;
				GCC_WARN_UNUSED_FUNCTION = YES;
				GCC_WARN_UNUSED_VARIABLE = YES;
				IPHONEOS_DEPLOYMENT_TARGET = 17.0;
				LOCALIZATION_PREFERS_STRING_CATALOGS = YES;
				MTL_ENABLE_DEBUG_INFO = NO;
				MTL_FAST_MATH = YES;
				SDKROOT = iphoneos;
				SWIFT_COMPILATION_MODE = wholemodule;
				VALIDATE_PRODUCT = YES;
			};
			name = Release;
		};
		F73066782B0103E200C0CC05 /* Debug */ = {
			isa = XCBuildConfiguration;
			buildSettings = {
				ASSETCATALOG_COMPILER_APPICON_NAME = AppIcon;
				ASSETCATALOG_COMPILER_GLOBAL_ACCENT_COLOR_NAME = AccentColor;
				CODE_SIGN_STYLE = Automatic;
				CURRENT_PROJECT_VERSION = 1;
				DEVELOPMENT_TEAM = LCRJL3NRC8;
				GENERATE_INFOPLIST_FILE = YES;
				INFOPLIST_FILE = HomeworkLesson9xib/Info.plist;
				INFOPLIST_KEY_UIApplicationSupportsIndirectInputEvents = YES;
				INFOPLIST_KEY_UILaunchStoryboardName = LaunchScreen;
				INFOPLIST_KEY_UIMainStoryboardFile = Main;
				INFOPLIST_KEY_UISupportedInterfaceOrientations_iPad = "UIInterfaceOrientationPortrait UIInterfaceOrientationPortraitUpsideDown UIInterfaceOrientationLandscapeLeft UIInterfaceOrientationLandscapeRight";
				INFOPLIST_KEY_UISupportedInterfaceOrientations_iPhone = "UIInterfaceOrientationPortrait UIInterfaceOrientationLandscapeLeft UIInterfaceOrientationLandscapeRight";
				LD_RUNPATH_SEARCH_PATHS = (
					"$(inherited)",
					"@executable_path/Frameworks",
				);
				MARKETING_VERSION = 1.0;
				PRODUCT_BUNDLE_IDENTIFIER = IvanZnak.HomeworkLesson9xib;
				PRODUCT_NAME = "$(TARGET_NAME)";
				SWIFT_EMIT_LOC_STRINGS = YES;
				SWIFT_VERSION = 5.0;
				TARGETED_DEVICE_FAMILY = "1,2";
			};
			name = Debug;
		};
		F73066792B0103E200C0CC05 /* Release */ = {
			isa = XCBuildConfiguration;
			buildSettings = {
				ASSETCATALOG_COMPILER_APPICON_NAME = AppIcon;
				ASSETCATALOG_COMPILER_GLOBAL_ACCENT_COLOR_NAME = AccentColor;
				CODE_SIGN_STYLE = Automatic;
				CURRENT_PROJECT_VERSION = 1;
				DEVELOPMENT_TEAM = LCRJL3NRC8;
				GENERATE_INFOPLIST_FILE = YES;
				INFOPLIST_FILE = HomeworkLesson9xib/Info.plist;
				INFOPLIST_KEY_UIApplicationSupportsIndirectInputEvents = YES;
				INFOPLIST_KEY_UILaunchStoryboardName = LaunchScreen;
				INFOPLIST_KEY_UIMainStoryboardFile = Main;
				INFOPLIST_KEY_UISupportedInterfaceOrientations_iPad = "UIInterfaceOrientationPortrait UIInterfaceOrientationPortraitUpsideDown UIInterfaceOrientationLandscapeLeft UIInterfaceOrientationLandscapeRight";
				INFOPLIST_KEY_UISupportedInterfaceOrientations_iPhone = "UIInterfaceOrientationPortrait UIInterfaceOrientationLandscapeLeft UIInterfaceOrientationLandscapeRight";
				LD_RUNPATH_SEARCH_PATHS = (
					"$(inherited)",
					"@executable_path/Frameworks",
				);
				MARKETING_VERSION = 1.0;
				PRODUCT_BUNDLE_IDENTIFIER = IvanZnak.HomeworkLesson9xib;
				PRODUCT_NAME = "$(TARGET_NAME)";
				SWIFT_EMIT_LOC_STRINGS = YES;
				SWIFT_VERSION = 5.0;
				TARGETED_DEVICE_FAMILY = "1,2";
			};
			name = Release;
		};
/* End XCBuildConfiguration section */

/* Begin XCConfigurationList section */
		F730665E2B0103E000C0CC05 /* Build configuration list for PBXProject "HomeworkLesson9xib" */ = {
			isa = XCConfigurationList;
			buildConfigurations = (
				F73066752B0103E200C0CC05 /* Debug */,
				F73066762B0103E200C0CC05 /* Release */,
			);
			defaultConfigurationIsVisible = 0;
			defaultConfigurationName = Release;
		};
		F73066772B0103E200C0CC05 /* Build configuration list for PBXNativeTarget "HomeworkLesson9xib" */ = {
			isa = XCConfigurationList;
			buildConfigurations = (
				F73066782B0103E200C0CC05 /* Debug */,
				F73066792B0103E200C0CC05 /* Release */,
			);
			defaultConfigurationIsVisible = 0;
			defaultConfigurationName = Release;
		};
/* End XCConfigurationList section */
	};
	rootObject = F730665B2B0103E000C0CC05 /* Project object */;
}
